
Microsoft Visual Studio Solution File, Format Version 12.00
# Visual Studio Version 17
VisualStudioVersion = 17.1.32210.238
MinimumVisualStudioVersion = 15.0.26124.0
Project("{9A19103F-16F7-4668-BE54-9A1E7A4F7556}") = "Chinese", "Chinese\Chinese.csproj", "{52E605E4-17C4-4B45-8159-4804653592A7}"
EndProject
Project("{2150E333-8FDC-42A3-9474-1A3956D46DE8}") = "Solution Items", "Solution Items", "{9C18C921-F5AD-4B85-AB91-DB23E38991C7}"
	ProjectSection(SolutionItems) = preProject
		LICENSE.md = LICENSE.md
		push.cmd = push.cmd
		README.md = README.md
	EndProjectSection
EndProject
Project("{2150E333-8FDC-42A3-9474-1A3956D46DE8}") = "Tests", "Tests", "{D9E0D9B3-382B-4C6F-AF78-87C3D1BFA458}"
EndProject
Project("{9A19103F-16F7-4668-BE54-9A1E7A4F7556}") = "Chinese.Test", "Tests\Chinese.Test\Chinese.Test.csproj", "{F1C9D79A-9CC2-4832-BBD7-3040833B30A9}"
EndProject
Project("{9A19103F-16F7-4668-BE54-9A1E7A4F7556}") = "DbCreator.MySql", "Tests\DbCreator.MySql\DbCreator.MySql.csproj", "{A4AC1F3A-94E5-41AF-A8ED-51480D01D30C}"
EndProject
Project("{9A19103F-16F7-4668-BE54-9A1E7A4F7556}") = "Chinese.Lexicon", "Chinese.Lexicon\Chinese.Lexicon.csproj", "{0A8968BC-6BFD-450D-A912-DF071B3B5A8C}"
EndProject
Project("{9A19103F-16F7-4668-BE54-9A1E7A4F7556}") = "Chinese.Abstract", "Chinese.Abstract\Chinese.Abstract.csproj", "{ED49ED61-0BC1-4679-84B9-A14903064EFF}"
EndProject
Project("{9A19103F-16F7-4668-BE54-9A1E7A4F7556}") = "ChineseApp", "ChineseApp\ChineseApp.csproj", "{D5538A26-2797-417C-8B8D-892799D47A7F}"
EndProject
Project("{9A19103F-16F7-4668-BE54-9A1E7A4F7556}") = "Chinese.Region", "Chinese.Region\Chinese.Region.csproj", "{B147BCEE-BF76-4130-BE05-3E223A841213}"
EndProject
Project("{FAE04EC0-301F-11D3-BF4B-00C04F79EFBC}") = "LexiconBuilder", "LexiconBuilder\LexiconBuilder.csproj", "{48FFAC19-3D9A-4C6F-BB63-3B060536A8C7}"
EndProject
Global
	GlobalSection(SolutionConfigurationPlatforms) = preSolution
		Debug|Any CPU = Debug|Any CPU
		Debug|x64 = Debug|x64
		Debug|x86 = Debug|x86
		Release|Any CPU = Release|Any CPU
		Release|x64 = Release|x64
		Release|x86 = Release|x86
	EndGlobalSection
	GlobalSection(ProjectConfigurationPlatforms) = postSolution
		{52E605E4-17C4-4B45-8159-4804653592A7}.Debug|Any CPU.ActiveCfg = Debug|Any CPU
		{52E605E4-17C4-4B45-8159-4804653592A7}.Debug|Any CPU.Build.0 = Debug|Any CPU
		{52E605E4-17C4-4B45-8159-4804653592A7}.Debug|x64.ActiveCfg = Debug|Any CPU
		{52E605E4-17C4-4B45-8159-4804653592A7}.Debug|x64.Build.0 = Debug|Any CPU
		{52E605E4-17C4-4B45-8159-4804653592A7}.Debug|x86.ActiveCfg = Debug|Any CPU
		{52E605E4-17C4-4B45-8159-4804653592A7}.Debug|x86.Build.0 = Debug|Any CPU
		{52E605E4-17C4-4B45-8159-4804653592A7}.Release|Any CPU.ActiveCfg = Release|Any CPU
		{52E605E4-17C4-4B45-8159-4804653592A7}.Release|Any CPU.Build.0 = Release|Any CPU
		{52E605E4-17C4-4B45-8159-4804653592A7}.Release|x64.ActiveCfg = Release|Any CPU
		{52E605E4-17C4-4B45-8159-4804653592A7}.Release|x64.Build.0 = Release|Any CPU
		{52E605E4-17C4-4B45-8159-4804653592A7}.Release|x86.ActiveCfg = Release|Any CPU
		{52E605E4-17C4-4B45-8159-4804653592A7}.Release|x86.Build.0 = Release|Any CPU
		{F1C9D79A-9CC2-4832-BBD7-3040833B30A9}.Debug|Any CPU.ActiveCfg = Debug|Any CPU
		{F1C9D79A-9CC2-4832-BBD7-3040833B30A9}.Debug|Any CPU.Build.0 = Debug|Any CPU
		{F1C9D79A-9CC2-4832-BBD7-3040833B30A9}.Debug|x64.ActiveCfg = Debug|Any CPU
		{F1C9D79A-9CC2-4832-BBD7-3040833B30A9}.Debug|x64.Build.0 = Debug|Any CPU
		{F1C9D79A-9CC2-4832-BBD7-3040833B30A9}.Debug|x86.ActiveCfg = Debug|Any CPU
		{F1C9D79A-9CC2-4832-BBD7-3040833B30A9}.Debug|x86.Build.0 = Debug|Any CPU
		{F1C9D79A-9CC2-4832-BBD7-3040833B30A9}.Release|Any CPU.ActiveCfg = Release|Any CPU
		{F1C9D79A-9CC2-4832-BBD7-3040833B30A9}.Release|Any CPU.Build.0 = Release|Any CPU
		{F1C9D79A-9CC2-4832-BBD7-3040833B30A9}.Release|x64.ActiveCfg = Release|Any CPU
		{F1C9D79A-9CC2-4832-BBD7-3040833B30A9}.Release|x64.Build.0 = Release|Any CPU
		{F1C9D79A-9CC2-4832-BBD7-3040833B30A9}.Release|x86.ActiveCfg = Release|Any CPU
		{F1C9D79A-9CC2-4832-BBD7-3040833B30A9}.Release|x86.Build.0 = Release|Any CPU
		{A4AC1F3A-94E5-41AF-A8ED-51480D01D30C}.Debug|Any CPU.ActiveCfg = Debug|Any CPU
		{A4AC1F3A-94E5-41AF-A8ED-51480D01D30C}.Debug|Any CPU.Build.0 = Debug|Any CPU
		{A4AC1F3A-94E5-41AF-A8ED-51480D01D30C}.Debug|x64.ActiveCfg = Debug|Any CPU
		{A4AC1F3A-94E5-41AF-A8ED-51480D01D30C}.Debug|x64.Build.0 = Debug|Any CPU
		{A4AC1F3A-94E5-41AF-A8ED-51480D01D30C}.Debug|x86.ActiveCfg = Debug|Any CPU
		{A4AC1F3A-94E5-41AF-A8ED-51480D01D30C}.Debug|x86.Build.0 = Debug|Any CPU
		{A4AC1F3A-94E5-41AF-A8ED-51480D01D30C}.Release|Any CPU.ActiveCfg = Release|Any CPU
		{A4AC1F3A-94E5-41AF-A8ED-51480D01D30C}.Release|Any CPU.Build.0 = Release|Any CPU
		{A4AC1F3A-94E5-41AF-A8ED-51480D01D30C}.Release|x64.ActiveCfg = Release|Any CPU
		{A4AC1F3A-94E5-41AF-A8ED-51480D01D30C}.Release|x64.Build.0 = Release|Any CPU
		{A4AC1F3A-94E5-41AF-A8ED-51480D01D30C}.Release|x86.ActiveCfg = Release|Any CPU
		{A4AC1F3A-94E5-41AF-A8ED-51480D01D30C}.Release|x86.Build.0 = Release|Any CPU
		{0A8968BC-6BFD-450D-A912-DF071B3B5A8C}.Debug|Any CPU.ActiveCfg = Debug|Any CPU
		{0A8968BC-6BFD-450D-A912-DF071B3B5A8C}.Debug|Any CPU.Build.0 = Debug|Any CPU
		{0A8968BC-6BFD-450D-A912-DF071B3B5A8C}.Debug|x64.ActiveCfg = Debug|Any CPU
		{0A8968BC-6BFD-450D-A912-DF071B3B5A8C}.Debug|x64.Build.0 = Debug|Any CPU
		{0A8968BC-6BFD-450D-A912-DF071B3B5A8C}.Debug|x86.ActiveCfg = Debug|Any CPU
		{0A8968BC-6BFD-450D-A912-DF071B3B5A8C}.Debug|x86.Build.0 = Debug|Any CPU
		{0A8968BC-6BFD-450D-A912-DF071B3B5A8C}.Release|Any CPU.ActiveCfg = Release|Any CPU
		{0A8968BC-6BFD-450D-A912-DF071B3B5A8C}.Release|Any CPU.Build.0 = Release|Any CPU
		{0A8968BC-6BFD-450D-A912-DF071B3B5A8C}.Release|x64.ActiveCfg = Release|Any CPU
		{0A8968BC-6BFD-450D-A912-DF071B3B5A8C}.Release|x64.Build.0 = Release|Any CPU
		{0A8968BC-6BFD-450D-A912-DF071B3B5A8C}.Release|x86.ActiveCfg = Release|Any CPU
		{0A8968BC-6BFD-450D-A912-DF071B3B5A8C}.Release|x86.Build.0 = Release|Any CPU
		{ED49ED61-0BC1-4679-84B9-A14903064EFF}.Debug|Any CPU.ActiveCfg = Debug|Any CPU
		{ED49ED61-0BC1-4679-84B9-A14903064EFF}.Debug|Any CPU.Build.0 = Debug|Any CPU
		{ED49ED61-0BC1-4679-84B9-A14903064EFF}.Debug|x64.ActiveCfg = Debug|Any CPU
		{ED49ED61-0BC1-4679-84B9-A14903064EFF}.Debug|x64.Build.0 = Debug|Any CPU
		{ED49ED61-0BC1-4679-84B9-A14903064EFF}.Debug|x86.ActiveCfg = Debug|Any CPU
		{ED49ED61-0BC1-4679-84B9-A14903064EFF}.Debug|x86.Build.0 = Debug|Any CPU
		{ED49ED61-0BC1-4679-84B9-A14903064EFF}.Release|Any CPU.ActiveCfg = Release|Any CPU
		{ED49ED61-0BC1-4679-84B9-A14903064EFF}.Release|Any CPU.Build.0 = Release|Any CPU
		{ED49ED61-0BC1-4679-84B9-A14903064EFF}.Release|x64.ActiveCfg = Release|Any CPU
		{ED49ED61-0BC1-4679-84B9-A14903064EFF}.Release|x64.Build.0 = Release|Any CPU
		{ED49ED61-0BC1-4679-84B9-A14903064EFF}.Release|x86.ActiveCfg = Release|Any CPU
		{ED49ED61-0BC1-4679-84B9-A14903064EFF}.Release|x86.Build.0 = Release|Any CPU
		{D5538A26-2797-417C-8B8D-892799D47A7F}.Debug|Any CPU.ActiveCfg = Debug|Any CPU
		{D5538A26-2797-417C-8B8D-892799D47A7F}.Debug|Any CPU.Build.0 = Debug|Any CPU
		{D5538A26-2797-417C-8B8D-892799D47A7F}.Debug|x64.ActiveCfg = Debug|Any CPU
		{D5538A26-2797-417C-8B8D-892799D47A7F}.Debug|x64.Build.0 = Debug|Any CPU
		{D5538A26-2797-417C-8B8D-892799D47A7F}.Debug|x86.ActiveCfg = Debug|Any CPU
		{D5538A26-2797-417C-8B8D-892799D47A7F}.Debug|x86.Build.0 = Debug|Any CPU
		{D5538A26-2797-417C-8B8D-892799D47A7F}.Release|Any CPU.ActiveCfg = Release|Any CPU
		{D5538A26-2797-417C-8B8D-892799D47A7F}.Release|Any CPU.Build.0 = Release|Any CPU
		{D5538A26-2797-417C-8B8D-892799D47A7F}.Release|x64.ActiveCfg = Release|Any CPU
		{D5538A26-2797-417C-8B8D-892799D47A7F}.Release|x64.Build.0 = Release|Any CPU
		{D5538A26-2797-417C-8B8D-892799D47A7F}.Release|x86.ActiveCfg = Release|Any CPU
		{D5538A26-2797-417C-8B8D-892799D47A7F}.Release|x86.Build.0 = Release|Any CPU
		{B147BCEE-BF76-4130-BE05-3E223A841213}.Debug|Any CPU.ActiveCfg = Debug|Any CPU
		{B147BCEE-BF76-4130-BE05-3E223A841213}.Debug|Any CPU.Build.0 = Debug|Any CPU
		{B147BCEE-BF76-4130-BE05-3E223A841213}.Debug|x64.ActiveCfg = Debug|Any CPU
		{B147BCEE-BF76-4130-BE05-3E223A841213}.Debug|x64.Build.0 = Debug|Any CPU
		{B147BCEE-BF76-4130-BE05-3E223A841213}.Debug|x86.ActiveCfg = Debug|Any CPU
		{B147BCEE-BF76-4130-BE05-3E223A841213}.Debug|x86.Build.0 = Debug|Any CPU
		{B147BCEE-BF76-4130-BE05-3E223A841213}.Release|Any CPU.ActiveCfg = Release|Any CPU
		{B147BCEE-BF76-4130-BE05-3E223A841213}.Release|Any CPU.Build.0 = Release|Any CPU
		{B147BCEE-BF76-4130-BE05-3E223A841213}.Release|x64.ActiveCfg = Release|Any CPU
		{B147BCEE-BF76-4130-BE05-3E223A841213}.Release|x64.Build.0 = Release|Any CPU
		{B147BCEE-BF76-4130-BE05-3E223A841213}.Release|x86.ActiveCfg = Release|Any CPU
		{B147BCEE-BF76-4130-BE05-3E223A841213}.Release|x86.Build.0 = Release|Any CPU
		{48FFAC19-3D9A-4C6F-BB63-3B060536A8C7}.Debug|Any CPU.ActiveCfg = Debug|Any CPU
		{48FFAC19-3D9A-4C6F-BB63-3B060536A8C7}.Debug|Any CPU.Build.0 = Debug|Any CPU
		{48FFAC19-3D9A-4C6F-BB63-3B060536A8C7}.Debug|x64.ActiveCfg = Debug|Any CPU
		{48FFAC19-3D9A-4C6F-BB63-3B060536A8C7}.Debug|x64.Build.0 = Debug|Any CPU
		{48FFAC19-3D9A-4C6F-BB63-3B060536A8C7}.Debug|x86.ActiveCfg = Debug|Any CPU
		{48FFAC19-3D9A-4C6F-BB63-3B060536A8C7}.Debug|x86.Build.0 = Debug|Any CPU
		{48FFAC19-3D9A-4C6F-BB63-3B060536A8C7}.Release|Any CPU.ActiveCfg = Release|Any CPU
		{48FFAC19-3D9A-4C6F-BB63-3B060536A8C7}.Release|Any CPU.Build.0 = Release|Any CPU
		{48FFAC19-3D9A-4C6F-BB63-3B060536A8C7}.Release|x64.ActiveCfg = Release|Any CPU
		{48FFAC19-3D9A-4C6F-BB63-3B060536A8C7}.Release|x64.Build.0 = Release|Any CPU
		{48FFAC19-3D9A-4C6F-BB63-3B060536A8C7}.Release|x86.ActiveCfg = Release|Any CPU
		{48FFAC19-3D9A-4C6F-BB63-3B060536A8C7}.Release|x86.Build.0 = Release|Any CPU
	EndGlobalSection
	GlobalSection(SolutionProperties) = preSolution
		HideSolutionNode = FALSE
	EndGlobalSection
	GlobalSection(NestedProjects) = preSolution
		{F1C9D79A-9CC2-4832-BBD7-3040833B30A9} = {D9E0D9B3-382B-4C6F-AF78-87C3D1BFA458}
		{A4AC1F3A-94E5-41AF-A8ED-51480D01D30C} = {D9E0D9B3-382B-4C6F-AF78-87C3D1BFA458}
	EndGlobalSection
	GlobalSection(ExtensibilityGlobals) = postSolution
		SolutionGuid = {B428A319-CD27-4E8D-AAEF-BE69A7F02F09}
	EndGlobalSection
EndGlobal
