
Microsoft Visual Studio Solution File, Format Version 12.00
# Visual Studio Version 17
VisualStudioVersion = 17.1.32210.238
MinimumVisualStudioVersion = 15.0.26124.0
Project("{9A19103F-16F7-4668-BE54-9A1E7A4F7556}") = "Chinese", "Chinese\Chinese.csproj", "{52E605E4-17C4-4B45-8159-4804653592A7}"
EndProject
Project("{2150E333-8FDC-42A3-9474-1A3956D46DE8}") = "Solution Items", "Solution Items", "{9C18C921-F5AD-4B85-AB91-DB23E38991C7}"
	ProjectSection(SolutionItems) = preProject
		LICENSE.md = LICENSE.md
		push.cmd = push.cmd
		README.md = README.md
	EndProjectSection
EndProject
Project("{2150E333-8FDC-42A3-9474-1A3956D46DE8}") = "Tests", "Tests", "{D9E0D9B3-382B-4C6F-AF78-87C3D1BFA458}"
EndProject
Project("{9A19103F-16F7-4668-BE54-9A1E7A4F7556}") = "Chinese.Test", "Tests\Chinese.Test\Chinese.Test.csproj", "{F1C9D79A-9CC2-4832-BBD7-3040833B30A9}"
EndProject
Project("{9A19103F-16F7-4668-BE54-9A1E7A4F7556}") = "DbCreator.MySql", "Tests\DbCreator.MySql\DbCreator.MySql.csproj", "{A4AC1F3A-94E5-41AF-A8ED-51480D01D30C}"
EndProject
Project("{9A19103F-16F7-4668-BE54-9A1E7A4F7556}") = "Chinese.Numerics", "Chinese.Numerics\Chinese.Numerics.csproj", "{70D676CF-8A5F-4B3D-A845-2D01A013C7CC}"
EndProject
Project("{9A19103F-16F7-4668-BE54-9A1E7A4F7556}") = "Chinese.Core", "Chinese.Core\Chinese.Core.csproj", "{5F2C772F-21B7-4E03-A3EE-C11B5A954E2E}"
EndProject
Global
	GlobalSection(SolutionConfigurationPlatforms) = preSolution
		Debug|Any CPU = Debug|Any CPU
		Debug|x64 = Debug|x64
		Debug|x86 = Debug|x86
		Release|Any CPU = Release|Any CPU
		Release|x64 = Release|x64
		Release|x86 = Release|x86
	EndGlobalSection
	GlobalSection(ProjectConfigurationPlatforms) = postSolution
		{52E605E4-17C4-4B45-8159-4804653592A7}.Debug|Any CPU.ActiveCfg = Debug|Any CPU
		{52E605E4-17C4-4B45-8159-4804653592A7}.Debug|Any CPU.Build.0 = Debug|Any CPU
		{52E605E4-17C4-4B45-8159-4804653592A7}.Debug|x64.ActiveCfg = Debug|Any CPU
		{52E605E4-17C4-4B45-8159-4804653592A7}.Debug|x64.Build.0 = Debug|Any CPU
		{52E605E4-17C4-4B45-8159-4804653592A7}.Debug|x86.ActiveCfg = Debug|Any CPU
		{52E605E4-17C4-4B45-8159-4804653592A7}.Debug|x86.Build.0 = Debug|Any CPU
		{52E605E4-17C4-4B45-8159-4804653592A7}.Release|Any CPU.ActiveCfg = Release|Any CPU
		{52E605E4-17C4-4B45-8159-4804653592A7}.Release|Any CPU.Build.0 = Release|Any CPU
		{52E605E4-17C4-4B45-8159-4804653592A7}.Release|x64.ActiveCfg = Release|Any CPU
		{52E605E4-17C4-4B45-8159-4804653592A7}.Release|x64.Build.0 = Release|Any CPU
		{52E605E4-17C4-4B45-8159-4804653592A7}.Release|x86.ActiveCfg = Release|Any CPU
		{52E605E4-17C4-4B45-8159-4804653592A7}.Release|x86.Build.0 = Release|Any CPU
		{F1C9D79A-9CC2-4832-BBD7-3040833B30A9}.Debug|Any CPU.ActiveCfg = Debug|Any CPU
		{F1C9D79A-9CC2-4832-BBD7-3040833B30A9}.Debug|Any CPU.Build.0 = Debug|Any CPU
		{F1C9D79A-9CC2-4832-BBD7-3040833B30A9}.Debug|x64.ActiveCfg = Debug|Any CPU
		{F1C9D79A-9CC2-4832-BBD7-3040833B30A9}.Debug|x64.Build.0 = Debug|Any CPU
		{F1C9D79A-9CC2-4832-BBD7-3040833B30A9}.Debug|x86.ActiveCfg = Debug|Any CPU
		{F1C9D79A-9CC2-4832-BBD7-3040833B30A9}.Debug|x86.Build.0 = Debug|Any CPU
		{F1C9D79A-9CC2-4832-BBD7-3040833B30A9}.Release|Any CPU.ActiveCfg = Release|Any CPU
		{F1C9D79A-9CC2-4832-BBD7-3040833B30A9}.Release|Any CPU.Build.0 = Release|Any CPU
		{F1C9D79A-9CC2-4832-BBD7-3040833B30A9}.Release|x64.ActiveCfg = Release|Any CPU
		{F1C9D79A-9CC2-4832-BBD7-3040833B30A9}.Release|x64.Build.0 = Release|Any CPU
		{F1C9D79A-9CC2-4832-BBD7-3040833B30A9}.Release|x86.ActiveCfg = Release|Any CPU
		{F1C9D79A-9CC2-4832-BBD7-3040833B30A9}.Release|x86.Build.0 = Release|Any CPU
		{A4AC1F3A-94E5-41AF-A8ED-51480D01D30C}.Debug|Any CPU.ActiveCfg = Debug|Any CPU
		{A4AC1F3A-94E5-41AF-A8ED-51480D01D30C}.Debug|Any CPU.Build.0 = Debug|Any CPU
		{A4AC1F3A-94E5-41AF-A8ED-51480D01D30C}.Debug|x64.ActiveCfg = Debug|Any CPU
		{A4AC1F3A-94E5-41AF-A8ED-51480D01D30C}.Debug|x64.Build.0 = Debug|Any CPU
		{A4AC1F3A-94E5-41AF-A8ED-51480D01D30C}.Debug|x86.ActiveCfg = Debug|Any CPU
		{A4AC1F3A-94E5-41AF-A8ED-51480D01D30C}.Debug|x86.Build.0 = Debug|Any CPU
		{A4AC1F3A-94E5-41AF-A8ED-51480D01D30C}.Release|Any CPU.ActiveCfg = Release|Any CPU
		{A4AC1F3A-94E5-41AF-A8ED-51480D01D30C}.Release|Any CPU.Build.0 = Release|Any CPU
		{A4AC1F3A-94E5-41AF-A8ED-51480D01D30C}.Release|x64.ActiveCfg = Release|Any CPU
		{A4AC1F3A-94E5-41AF-A8ED-51480D01D30C}.Release|x64.Build.0 = Release|Any CPU
		{A4AC1F3A-94E5-41AF-A8ED-51480D01D30C}.Release|x86.ActiveCfg = Release|Any CPU
		{A4AC1F3A-94E5-41AF-A8ED-51480D01D30C}.Release|x86.Build.0 = Release|Any CPU
		{70D676CF-8A5F-4B3D-A845-2D01A013C7CC}.Debug|Any CPU.ActiveCfg = Debug|Any CPU
		{70D676CF-8A5F-4B3D-A845-2D01A013C7CC}.Debug|Any CPU.Build.0 = Debug|Any CPU
		{70D676CF-8A5F-4B3D-A845-2D01A013C7CC}.Debug|x64.ActiveCfg = Debug|Any CPU
		{70D676CF-8A5F-4B3D-A845-2D01A013C7CC}.Debug|x64.Build.0 = Debug|Any CPU
		{70D676CF-8A5F-4B3D-A845-2D01A013C7CC}.Debug|x86.ActiveCfg = Debug|Any CPU
		{70D676CF-8A5F-4B3D-A845-2D01A013C7CC}.Debug|x86.Build.0 = Debug|Any CPU
		{70D676CF-8A5F-4B3D-A845-2D01A013C7CC}.Release|Any CPU.ActiveCfg = Release|Any CPU
		{70D676CF-8A5F-4B3D-A845-2D01A013C7CC}.Release|Any CPU.Build.0 = Release|Any CPU
		{70D676CF-8A5F-4B3D-A845-2D01A013C7CC}.Release|x64.ActiveCfg = Release|Any CPU
		{70D676CF-8A5F-4B3D-A845-2D01A013C7CC}.Release|x64.Build.0 = Release|Any CPU
		{70D676CF-8A5F-4B3D-A845-2D01A013C7CC}.Release|x86.ActiveCfg = Release|Any CPU
		{70D676CF-8A5F-4B3D-A845-2D01A013C7CC}.Release|x86.Build.0 = Release|Any CPU
		{5F2C772F-21B7-4E03-A3EE-C11B5A954E2E}.Debug|Any CPU.ActiveCfg = Debug|Any CPU
		{5F2C772F-21B7-4E03-A3EE-C11B5A954E2E}.Debug|Any CPU.Build.0 = Debug|Any CPU
		{5F2C772F-21B7-4E03-A3EE-C11B5A954E2E}.Debug|x64.ActiveCfg = Debug|Any CPU
		{5F2C772F-21B7-4E03-A3EE-C11B5A954E2E}.Debug|x64.Build.0 = Debug|Any CPU
		{5F2C772F-21B7-4E03-A3EE-C11B5A954E2E}.Debug|x86.ActiveCfg = Debug|Any CPU
		{5F2C772F-21B7-4E03-A3EE-C11B5A954E2E}.Debug|x86.Build.0 = Debug|Any CPU
		{5F2C772F-21B7-4E03-A3EE-C11B5A954E2E}.Release|Any CPU.ActiveCfg = Release|Any CPU
		{5F2C772F-21B7-4E03-A3EE-C11B5A954E2E}.Release|Any CPU.Build.0 = Release|Any CPU
		{5F2C772F-21B7-4E03-A3EE-C11B5A954E2E}.Release|x64.ActiveCfg = Release|Any CPU
		{5F2C772F-21B7-4E03-A3EE-C11B5A954E2E}.Release|x64.Build.0 = Release|Any CPU
		{5F2C772F-21B7-4E03-A3EE-C11B5A954E2E}.Release|x86.ActiveCfg = Release|Any CPU
		{5F2C772F-21B7-4E03-A3EE-C11B5A954E2E}.Release|x86.Build.0 = Release|Any CPU
	EndGlobalSection
	GlobalSection(SolutionProperties) = preSolution
		HideSolutionNode = FALSE
	EndGlobalSection
	GlobalSection(NestedProjects) = preSolution
		{F1C9D79A-9CC2-4832-BBD7-3040833B30A9} = {D9E0D9B3-382B-4C6F-AF78-87C3D1BFA458}
		{A4AC1F3A-94E5-41AF-A8ED-51480D01D30C} = {D9E0D9B3-382B-4C6F-AF78-87C3D1BFA458}
	EndGlobalSection
	GlobalSection(ExtensibilityGlobals) = postSolution
		SolutionGuid = {B428A319-CD27-4E8D-AAEF-BE69A7F02F09}
	EndGlobalSection
EndGlobal
